// !$*UTF8*$!
{ archiveVersion = 1; classes = {}; objectVersion = 77; objects = {
	A1 = {isa = PBXBuildFile; fileRef = F1;}; A2 = {isa = PBXBuildFile; fileRef = F2;}; A3 = {isa = PBXBuildFile; fileRef = F3;}; A4 = {isa = PBXBuildFile; fileRef = F4;}; A5 = {isa = PBXBuildFile; fileRef = F5;}; A6 = {isa = PBXBuildFile; fileRef = F6;}; A7 = {isa = PBXBuildFile; fileRef = F7;}; A8 = {isa = PBXBuildFile; fileRef = F8;}; A9 = {isa = PBXBuildFile; fileRef = F9;};
	F1 = {isa = PBXFileReference; lastKnownFileType = sourcecode.swift; path = EVDecisionApp.swift; sourceTree = "<group>";}; F2 = {isa = PBXFileReference; lastKnownFileType = sourcecode.swift; path = RootView.swift; sourceTree = "<group>";}; F3 = {isa = PBXFileReference; lastKnownFileType = sourcecode.swift; path = HomeView.swift; sourceTree = "<group>";}; F4 = {isa = PBXFileReference; lastKnownFileType = sourcecode.swift; path = RecommendationView.swift; sourceTree = "<group>";}; F5 = {isa = PBXFileReference; lastKnownFileType = sourcecode.swift; path = JourneyView.swift; sourceTree = "<group>";}; F6 = {isa = PBXFileReference; lastKnownFileType = sourcecode.swift; path = SettingsView.swift; sourceTree = "<group>";}; F7 = {isa = PBXFileReference; lastKnownFileType = sourcecode.swift; path = TripInput.swift; sourceTree = "<group>";}; F8 = {isa = PBXFileReference; lastKnownFileType = sourcecode.swift; path = ChargingRecommendation.swift; sourceTree = "<group>";}; F9 = {isa = PBXFileReference; lastKnownFileType = sourcecode.swift; path = DecisionEngine.swift; sourceTree = "<group>";}; FP = {isa = PBXFileReference; lastKnownFileType = text.plist.xml; path = Info.plist; sourceTree = "<group>";}; APP = {isa = PBXFileReference; explicitFileType = wrapper.application; path = EVDecision.app; sourceTree = BUILT_PRODUCTS_DIR;};
	ROOT = {isa = PBXGroup; children = (F1,F2,VIEWS,MODELS,SERVICES,FP,PRODUCTS); sourceTree = "<group>";}; VIEWS = {isa = PBXGroup; children = (F3,F4,F5,F6); path = Views; sourceTree = "<group>";}; MODELS = {isa = PBXGroup; children = (F7,F8); path = Models; sourceTree = "<group>";}; SERVICES = {isa = PBXGroup; children = (F9); path = Services; sourceTree = "<group>";}; PRODUCTS = {isa = PBXGroup; children = (APP); name = Products; sourceTree = "<group>";};
	SOURCES = {isa = PBXSourcesBuildPhase; buildActionMask = 2147483647; files = (A1,A2,A3,A4,A5,A6,A7,A8,A9); runOnlyForDeploymentPostprocessing = 0;}; FRAMEWORKS = {isa = PBXFrameworksBuildPhase; buildActionMask = 2147483647; files = (); runOnlyForDeploymentPostprocessing = 0;}; RESOURCES = {isa = PBXResourcesBuildPhase; buildActionMask = 2147483647; files = (); runOnlyForDeploymentPostprocessing = 0;};
	TARGET = {isa = PBXNativeTarget; buildConfigurationList = TCL; buildPhases = (SOURCES,FRAMEWORKS,RESOURCES); buildRules = (); dependencies = (); name = EVDecision; productName = EVDecision; productReference = APP; productType = "com.apple.product-type.application";};
	PROJECT = {isa = PBXProject; attributes = {LastUpgradeCheck = 2660; TargetAttributes = {TARGET = {CreatedOnToolsVersion = 26.6;};};}; buildConfigurationList = PCL; compatibilityVersion = "Xcode 16.0"; developmentRegion = en; mainGroup = ROOT; productRefGroup = PRODUCTS; projectDirPath = ""; projectRoot = ""; targets = (TARGET);};
	PD = {isa = XCBuildConfiguration; buildSettings = {CLANG_ENABLE_MODULES = YES; CLANG_ENABLE_OBJC_ARC = YES; SWIFT_ACTIVE_COMPILATION_CONDITIONS = "DEBUG $(inherited)"; SWIFT_OPTIMIZATION_LEVEL = "-Onone";}; name = Debug;}; PR = {isa = XCBuildConfiguration; buildSettings = {CLANG_ENABLE_MODULES = YES; CLANG_ENABLE_OBJC_ARC = YES; SWIFT_OPTIMIZATION_LEVEL = "-O";}; name = Release;};
	TD = {isa = XCBuildConfiguration; buildSettings = {CODE_SIGN_STYLE = Automatic; CURRENT_PROJECT_VERSION = 1; GENERATE_INFOPLIST_FILE = NO; INFOPLIST_FILE = Info.plist; IPHONEOS_DEPLOYMENT_TARGET = 17.0; MARKETING_VERSION = 1.0; PRODUCT_BUNDLE_IDENTIFIER = com.ozdensayin.evdecisionapp; PRODUCT_NAME = "$(TARGET_NAME)"; SDKROOT = iphoneos; SUPPORTED_PLATFORMS = "iphonesimulator iphoneos"; SWIFT_VERSION = 6.0; TARGETED_DEVICE_FAMILY = 1;}; name = Debug;}; TR = {isa = XCBuildConfiguration; buildSettings = {CODE_SIGN_STYLE = Automatic; CURRENT_PROJECT_VERSION = 1; GENERATE_INFOPLIST_FILE = NO; INFOPLIST_FILE = Info.plist; IPHONEOS_DEPLOYMENT_TARGET = 17.0; MARKETING_VERSION = 1.0; PRODUCT_BUNDLE_IDENTIFIER = com.ozdensayin.evdecisionapp; PRODUCT_NAME = "$(TARGET_NAME)"; SDKROOT = iphoneos; SUPPORTED_PLATFORMS = "iphonesimulator iphoneos"; SWIFT_VERSION = 6.0; TARGETED_DEVICE_FAMILY = 1;}; name = Release;};
	TCL = {isa = XCConfigurationList; buildConfigurations = (TD,TR); defaultConfigurationIsVisible = 0; defaultConfigurationName = Release;}; PCL = {isa = XCConfigurationList; buildConfigurations = (PD,PR); defaultConfigurationIsVisible = 0; defaultConfigurationName = Release;};
}; rootObject = PROJECT; }
